
Microsoft Visual Studio Solution File, Format Version 12.00
# Visual Studio Version 16
VisualStudioVersion = 16.0.31321.278
MinimumVisualStudioVersion = 10.0.40219.1
Project("{FAE04EC0-301F-11D3-BF4B-00C04F79EFBC}") = "FakeStoreWebApi", "FakeStoreWebApi.csproj", "{7BEC2534-A813-45A7-970D-372AF41F40B2}"
EndProject
Global
	GlobalSection(SolutionConfigurationPlatforms) = preSolution
		Debug|Any CPU = Debug|Any CPU
		Release|Any CPU = Release|Any CPU
	EndGlobalSection
	GlobalSection(ProjectConfigurationPlatforms) = postSolution
		{7BEC2534-A813-45A7-970D-372AF41F40B2}.Debug|Any CPU.ActiveCfg = Debug|Any CPU
		{7BEC2534-A813-45A7-970D-372AF41F40B2}.Debug|Any CPU.Build.0 = Debug|Any CPU
		{7BEC2534-A813-45A7-970D-372AF41F40B2}.Release|Any CPU.ActiveCfg = Release|Any CPU
		{7BEC2534-A813-45A7-970D-372AF41F40B2}.Release|Any CPU.Build.0 = Release|Any CPU
	EndGlobalSection
	GlobalSection(SolutionProperties) = preSolution
		HideSolutionNode = FALSE
	EndGlobalSection
	GlobalSection(ExtensibilityGlobals) = postSolution
		SolutionGuid = {A030FF2E-54FF-4198-A695-AD1539F1E13A}
	EndGlobalSection
EndGlobal
